
Microsoft Visual Studio Solution File, Format Version 12.00
# Visual Studio Version 17
VisualStudioVersion = 17.14.37012.4 d17.14
MinimumVisualStudioVersion = 10.0.40219.1
Project("{FAE04EC0-301F-11D3-BF4B-00C04F79EFBC}") = "Video Content Streaming Service", "Video Content Streaming Service\Video Content Streaming Service.csproj", "{11136A76-283C-4B27-8789-E195270E0CBF}"
EndProject
Project("{FAE04EC0-301F-11D3-BF4B-00C04F79EFBC}") = "VideoStreaming.Tests", "VideoStreaming.Tests\VideoStreaming.Tests.csproj", "{2FBF812C-234A-4707-B7CE-A89A1F5C8019}"
EndProject
Global
	GlobalSection(SolutionConfigurationPlatforms) = preSolution
		Debug|Any CPU = Debug|Any CPU
		Release|Any CPU = Release|Any CPU
	EndGlobalSection
	GlobalSection(ProjectConfigurationPlatforms) = postSolution
		{11136A76-283C-4B27-8789-E195270E0CBF}.Debug|Any CPU.ActiveCfg = Debug|Any CPU
		{11136A76-283C-4B27-8789-E195270E0CBF}.Debug|Any CPU.Build.0 = Debug|Any CPU
		{11136A76-283C-4B27-8789-E195270E0CBF}.Release|Any CPU.ActiveCfg = Release|Any CPU
		{11136A76-283C-4B27-8789-E195270E0CBF}.Release|Any CPU.Build.0 = Release|Any CPU
		{2FBF812C-234A-4707-B7CE-A89A1F5C8019}.Debug|Any CPU.ActiveCfg = Debug|Any CPU
		{2FBF812C-234A-4707-B7CE-A89A1F5C8019}.Debug|Any CPU.Build.0 = Debug|Any CPU
		{2FBF812C-234A-4707-B7CE-A89A1F5C8019}.Release|Any CPU.ActiveCfg = Release|Any CPU
		{2FBF812C-234A-4707-B7CE-A89A1F5C8019}.Release|Any CPU.Build.0 = Release|Any CPU
	EndGlobalSection
	GlobalSection(SolutionProperties) = preSolution
		HideSolutionNode = FALSE
	EndGlobalSection
	GlobalSection(ExtensibilityGlobals) = postSolution
		SolutionGuid = {782B02AB-49AA-4C24-9EF4-C9A49713C6AF}
	EndGlobalSection
EndGlobal
